
Microsoft Visual Studio Solution File, Format Version 12.00
# Visual Studio Version 17
VisualStudioVersion = 17.5.33103.201
MinimumVisualStudioVersion = 10.0.40219.1
Project("{778DAE3C-4631-46EA-AA77-85C1314464D9}") = "TableLayputPanelTop", "TableLayoutPanelTop\TableLayputPanelTop.vbproj", "{F16937B4-E64D-40B1-A70A-F2BD6EB6393F}"
EndProject
Project("{2150E333-8FDC-42A3-9474-1A3956D46DE8}") = "Solution Items", "Solution Items", "{09CA2FAA-39D2-4B1D-A76F-B6471F72FAEC}"
	ProjectSection(SolutionItems) = preProject
		.editorconfig = .editorconfig
		LICENSE.txt = LICENSE.txt
		ReadMe.MD = ReadMe.MD
	EndProjectSection
EndProject
Global
	GlobalSection(SolutionConfigurationPlatforms) = preSolution
		Debug|Any CPU = Debug|Any CPU
		Release|Any CPU = Release|Any CPU
	EndGlobalSection
	GlobalSection(ProjectConfigurationPlatforms) = postSolution
		{F16937B4-E64D-40B1-A70A-F2BD6EB6393F}.Debug|Any CPU.ActiveCfg = Debug|Any CPU
		{F16937B4-E64D-40B1-A70A-F2BD6EB6393F}.Debug|Any CPU.Build.0 = Debug|Any CPU
		{F16937B4-E64D-40B1-A70A-F2BD6EB6393F}.Release|Any CPU.ActiveCfg = Release|Any CPU
		{F16937B4-E64D-40B1-A70A-F2BD6EB6393F}.Release|Any CPU.Build.0 = Release|Any CPU
	EndGlobalSection
	GlobalSection(SolutionProperties) = preSolution
		HideSolutionNode = FALSE
	EndGlobalSection
	GlobalSection(ExtensibilityGlobals) = postSolution
		SolutionGuid = {8343D51B-3392-466F-9C40-0886E6C572BB}
	EndGlobalSection
EndGlobal
